
Microsoft Visual Studio Solution File, Format Version 12.00
# Visual Studio Version 17
VisualStudioVersion = 17.9.34701.34
MinimumVisualStudioVersion = 10.0.40219.1
Project("{9A19103F-16F7-4668-BE54-9A1E7A4F7556}") = "LotteryGame", "LotteryGame\LotteryGame.csproj", "{7E76F9B6-5B04-4B9B-8A05-A3C3E29065EE}"
EndProject
Global
	GlobalSection(SolutionConfigurationPlatforms) = preSolution
		Debug|Any CPU = Debug|Any CPU
		Release|Any CPU = Release|Any CPU
	EndGlobalSection
	GlobalSection(ProjectConfigurationPlatforms) = postSolution
		{7E76F9B6-5B04-4B9B-8A05-A3C3E29065EE}.Debug|Any CPU.ActiveCfg = Debug|Any CPU
		{7E76F9B6-5B04-4B9B-8A05-A3C3E29065EE}.Debug|Any CPU.Build.0 = Debug|Any CPU
		{7E76F9B6-5B04-4B9B-8A05-A3C3E29065EE}.Release|Any CPU.ActiveCfg = Release|Any CPU
		{7E76F9B6-5B04-4B9B-8A05-A3C3E29065EE}.Release|Any CPU.Build.0 = Release|Any CPU
	EndGlobalSection
	GlobalSection(SolutionProperties) = preSolution
		HideSolutionNode = FALSE
	EndGlobalSection
	GlobalSection(ExtensibilityGlobals) = postSolution
		SolutionGuid = {90DFA790-9A70-4E3D-A915-BC61AEC1EAB1}
	EndGlobalSection
EndGlobal
